// !$*UTF8*$!
{
	archiveVersion = 1;
	classes = {
	};
	objectVersion = 56;
	objects = {

/* Begin PBXBuildFile section */
		477F37BB2BA7E9FA00AFC8D0 /* AppDelegate.swift in Sources */ = {isa = PBXBuildFile; fileRef = 477F37BA2BA7E9FA00AFC8D0 /* AppDelegate.swift */; };
		477F37BD2BA7E9FA00AFC8D0 /* SceneDelegate.swift in Sources */ = {isa = PBXBuildFile; fileRef = 477F37BC2BA7E9FA00AFC8D0 /* SceneDelegate.swift */; };
		477F37BF2BA7E9FA00AFC8D0 /* CountryViewController.swift in Sources */ = {isa = PBXBuildFile; fileRef = 477F37BE2BA7E9FA00AFC8D0 /* CountryViewController.swift */; };
		477F37C42BA7E9FC00AFC8D0 /* Assets.xcassets in Resources */ = {isa = PBXBuildFile; fileRef = 477F37C32BA7E9FC00AFC8D0 /* Assets.xcassets */; };
		477F37C72BA7E9FC00AFC8D0 /* LaunchScreen.storyboard in Resources */ = {isa = PBXBuildFile; fileRef = 477F37C52BA7E9FC00AFC8D0 /* LaunchScreen.storyboard */; };
		477F37E52BA7F41100AFC8D0 /* ReactorKit in Frameworks */ = {isa = PBXBuildFile; productRef = 477F37E42BA7F41100AFC8D0 /* ReactorKit */; };
		477F37E82BA7F44300AFC8D0 /* SnapKit in Frameworks */ = {isa = PBXBuildFile; productRef = 477F37E72BA7F44300AFC8D0 /* SnapKit */; };
		477F37EA2BA7F44300AFC8D0 /* SnapKit-Dynamic in Frameworks */ = {isa = PBXBuildFile; productRef = 477F37E92BA7F44300AFC8D0 /* SnapKit-Dynamic */; };
		477F37ED2BA7F4EE00AFC8D0 /* Moya in Frameworks */ = {isa = PBXBuildFile; productRef = 477F37EC2BA7F4EE00AFC8D0 /* Moya */; };
		477F37F02BA7F56A00AFC8D0 /* Realm in Frameworks */ = {isa = PBXBuildFile; productRef = 477F37EF2BA7F56A00AFC8D0 /* Realm */; };
		477F37F22BA7F56A00AFC8D0 /* RealmSwift in Frameworks */ = {isa = PBXBuildFile; productRef = 477F37F12BA7F56A00AFC8D0 /* RealmSwift */; };
		477F37FC2BA7FB5E00AFC8D0 /* CountryReactor.swift in Sources */ = {isa = PBXBuildFile; fileRef = 477F37FB2BA7FB5E00AFC8D0 /* CountryReactor.swift */; };
		477F37FF2BA81FF500AFC8D0 /* CountryTableView.swift in Sources */ = {isa = PBXBuildFile; fileRef = 477F37FE2BA81FF500AFC8D0 /* CountryTableView.swift */; };
		477F38012BA8202400AFC8D0 /* CountryTableViewCell.swift in Sources */ = {isa = PBXBuildFile; fileRef = 477F38002BA8202400AFC8D0 /* CountryTableViewCell.swift */; };
		478ED7A42BA94577008D54E7 /* CountryListResponse.swift in Sources */ = {isa = PBXBuildFile; fileRef = 478ED7A32BA94577008D54E7 /* CountryListResponse.swift */; };
		478ED7A72BA94A8F008D54E7 /* CrossAPI.swift in Sources */ = {isa = PBXBuildFile; fileRef = 478ED7A62BA94A8F008D54E7 /* CrossAPI.swift */; };
		478ED7AA2BA94E30008D54E7 /* MoyaProvider+Extensions.swift in Sources */ = {isa = PBXBuildFile; fileRef = 478ED7A92BA94E30008D54E7 /* MoyaProvider+Extensions.swift */; };
		478ED7AD2BA958A2008D54E7 /* NetworkLogger.swift in Sources */ = {isa = PBXBuildFile; fileRef = 478ED7AC2BA958A2008D54E7 /* NetworkLogger.swift */; };
		478ED7AF2BA9591F008D54E7 /* CountryService.swift in Sources */ = {isa = PBXBuildFile; fileRef = 478ED7AE2BA9591F008D54E7 /* CountryService.swift */; };
		478ED7B52BA95E98008D54E7 /* CountryRepositoryInterface.swift in Sources */ = {isa = PBXBuildFile; fileRef = 478ED7B42BA95E98008D54E7 /* CountryRepositoryInterface.swift */; };
		478ED7B82BA95F21008D54E7 /* CountryRepository.swift in Sources */ = {isa = PBXBuildFile; fileRef = 478ED7B72BA95F21008D54E7 /* CountryRepository.swift */; };
		478ED7BA2BA965AA008D54E7 /* CurrencyResponse.swift in Sources */ = {isa = PBXBuildFile; fileRef = 478ED7B92BA965AA008D54E7 /* CurrencyResponse.swift */; };
		478ED7BD2BA96C2D008D54E7 /* CountryUseCase.swift in Sources */ = {isa = PBXBuildFile; fileRef = 478ED7BC2BA96C2D008D54E7 /* CountryUseCase.swift */; };
		478ED7C22BA988E4008D54E7 /* Coordinator.swift in Sources */ = {isa = PBXBuildFile; fileRef = 478ED7C12BA988E4008D54E7 /* Coordinator.swift */; };
		478ED7C42BA988F4008D54E7 /* AppCoordinator.swift in Sources */ = {isa = PBXBuildFile; fileRef = 478ED7C32BA988F4008D54E7 /* AppCoordinator.swift */; };
		478ED7C82BA989E3008D54E7 /* AppFactory.swift in Sources */ = {isa = PBXBuildFile; fileRef = 478ED7C72BA989E3008D54E7 /* AppFactory.swift */; };
		478ED7CA2BA98A10008D54E7 /* CountryFactory.swift in Sources */ = {isa = PBXBuildFile; fileRef = 478ED7C92BA98A10008D54E7 /* CountryFactory.swift */; };
		478ED7CD2BA98A99008D54E7 /* CountryCoordinator.swift in Sources */ = {isa = PBXBuildFile; fileRef = 478ED7CC2BA98A99008D54E7 /* CountryCoordinator.swift */; };
		478ED7D02BA9B48B008D54E7 /* Country.swift in Sources */ = {isa = PBXBuildFile; fileRef = 478ED7CF2BA9B48B008D54E7 /* Country.swift */; };
		478ED7D32BAA82D3008D54E7 /* CurrencyViewController.swift in Sources */ = {isa = PBXBuildFile; fileRef = 478ED7D22BAA82D3008D54E7 /* CurrencyViewController.swift */; };
		478ED7D52BAA8727008D54E7 /* CurrencyReactor.swift in Sources */ = {isa = PBXBuildFile; fileRef = 478ED7D42BAA8727008D54E7 /* CurrencyReactor.swift */; };
		47AC05652BA89F2E000677BD /* RxCocoa in Frameworks */ = {isa = PBXBuildFile; productRef = 47AC05642BA89F2E000677BD /* RxCocoa */; };
		47AC05672BA89F2E000677BD /* RxCocoa-Dynamic in Frameworks */ = {isa = PBXBuildFile; productRef = 47AC05662BA89F2E000677BD /* RxCocoa-Dynamic */; };
		47AC05692BA89F2E000677BD /* RxRelay in Frameworks */ = {isa = PBXBuildFile; productRef = 47AC05682BA89F2E000677BD /* RxRelay */; };
		47AC056B2BA89F2E000677BD /* RxRelay-Dynamic in Frameworks */ = {isa = PBXBuildFile; productRef = 47AC056A2BA89F2E000677BD /* RxRelay-Dynamic */; };
		47AC056D2BA89F2E000677BD /* RxSwift in Frameworks */ = {isa = PBXBuildFile; productRef = 47AC056C2BA89F2E000677BD /* RxSwift */; };
		47AC056F2BA89F2E000677BD /* RxSwift-Dynamic in Frameworks */ = {isa = PBXBuildFile; productRef = 47AC056E2BA89F2E000677BD /* RxSwift-Dynamic */; };
/* End PBXBuildFile section */

/* Begin PBXFileReference section */
		477F37B72BA7E9FA00AFC8D0 /* Cross_Test.app */ = {isa = PBXFileReference; explicitFileType = wrapper.application; includeInIndex = 0; path = Cross_Test.app; sourceTree = BUILT_PRODUCTS_DIR; };
		477F37BA2BA7E9FA00AFC8D0 /* AppDelegate.swift */ = {isa = PBXFileReference; lastKnownFileType = sourcecode.swift; path = AppDelegate.swift; sourceTree = "<group>"; };
		477F37BC2BA7E9FA00AFC8D0 /* SceneDelegate.swift */ = {isa = PBXFileReference; lastKnownFileType = sourcecode.swift; path = SceneDelegate.swift; sourceTree = "<group>"; };
		477F37BE2BA7E9FA00AFC8D0 /* CountryViewController.swift */ = {isa = PBXFileReference; lastKnownFileType = sourcecode.swift; path = CountryViewController.swift; sourceTree = "<group>"; };
		477F37C32BA7E9FC00AFC8D0 /* Assets.xcassets */ = {isa = PBXFileReference; lastKnownFileType = folder.assetcatalog; path = Assets.xcassets; sourceTree = "<group>"; };
		477F37C62BA7E9FC00AFC8D0 /* Base */ = {isa = PBXFileReference; lastKnownFileType = file.storyboard; name = Base; path = Base.lproj/LaunchScreen.storyboard; sourceTree = "<group>"; };
		477F37C82BA7E9FC00AFC8D0 /* Info.plist */ = {isa = PBXFileReference; lastKnownFileType = text.plist.xml; path = Info.plist; sourceTree = "<group>"; };
		477F37FB2BA7FB5E00AFC8D0 /* CountryReactor.swift */ = {isa = PBXFileReference; lastKnownFileType = sourcecode.swift; path = CountryReactor.swift; sourceTree = "<group>"; };
		477F37FE2BA81FF500AFC8D0 /* CountryTableView.swift */ = {isa = PBXFileReference; lastKnownFileType = sourcecode.swift; path = CountryTableView.swift; sourceTree = "<group>"; };
		477F38002BA8202400AFC8D0 /* CountryTableViewCell.swift */ = {isa = PBXFileReference; lastKnownFileType = sourcecode.swift; path = CountryTableViewCell.swift; sourceTree = "<group>"; };
		478ED7A32BA94577008D54E7 /* CountryListResponse.swift */ = {isa = PBXFileReference; lastKnownFileType = sourcecode.swift; path = CountryListResponse.swift; sourceTree = "<group>"; };
		478ED7A62BA94A8F008D54E7 /* CrossAPI.swift */ = {isa = PBXFileReference; lastKnownFileType = sourcecode.swift; path = CrossAPI.swift; sourceTree = "<group>"; };
		478ED7A92BA94E30008D54E7 /* MoyaProvider+Extensions.swift */ = {isa = PBXFileReference; lastKnownFileType = sourcecode.swift; path = "MoyaProvider+Extensions.swift"; sourceTree = "<group>"; };
		478ED7AC2BA958A2008D54E7 /* NetworkLogger.swift */ = {isa = PBXFileReference; lastKnownFileType = sourcecode.swift; path = NetworkLogger.swift; sourceTree = "<group>"; };
		478ED7AE2BA9591F008D54E7 /* CountryService.swift */ = {isa = PBXFileReference; lastKnownFileType = sourcecode.swift; path = CountryService.swift; sourceTree = "<group>"; };
		478ED7B42BA95E98008D54E7 /* CountryRepositoryInterface.swift */ = {isa = PBXFileReference; lastKnownFileType = sourcecode.swift; path = CountryRepositoryInterface.swift; sourceTree = "<group>"; };
		478ED7B72BA95F21008D54E7 /* CountryRepository.swift */ = {isa = PBXFileReference; lastKnownFileType = sourcecode.swift; path = CountryRepository.swift; sourceTree = "<group>"; };
		478ED7B92BA965AA008D54E7 /* CurrencyResponse.swift */ = {isa = PBXFileReference; lastKnownFileType = sourcecode.swift; path = CurrencyResponse.swift; sourceTree = "<group>"; };
		478ED7BC2BA96C2D008D54E7 /* CountryUseCase.swift */ = {isa = PBXFileReference; lastKnownFileType = sourcecode.swift; path = CountryUseCase.swift; sourceTree = "<group>"; };
		478ED7C12BA988E4008D54E7 /* Coordinator.swift */ = {isa = PBXFileReference; lastKnownFileType = sourcecode.swift; path = Coordinator.swift; sourceTree = "<group>"; };
		478ED7C32BA988F4008D54E7 /* AppCoordinator.swift */ = {isa = PBXFileReference; lastKnownFileType = sourcecode.swift; path = AppCoordinator.swift; sourceTree = "<group>"; };
		478ED7C72BA989E3008D54E7 /* AppFactory.swift */ = {isa = PBXFileReference; lastKnownFileType = sourcecode.swift; path = AppFactory.swift; sourceTree = "<group>"; };
		478ED7C92BA98A10008D54E7 /* CountryFactory.swift */ = {isa = PBXFileReference; lastKnownFileType = sourcecode.swift; path = CountryFactory.swift; sourceTree = "<group>"; };
		478ED7CC2BA98A99008D54E7 /* CountryCoordinator.swift */ = {isa = PBXFileReference; lastKnownFileType = sourcecode.swift; path = CountryCoordinator.swift; sourceTree = "<group>"; };
		478ED7CF2BA9B48B008D54E7 /* Country.swift */ = {isa = PBXFileReference; lastKnownFileType = sourcecode.swift; path = Country.swift; sourceTree = "<group>"; };
		478ED7D22BAA82D3008D54E7 /* CurrencyViewController.swift */ = {isa = PBXFileReference; lastKnownFileType = sourcecode.swift; path = CurrencyViewController.swift; sourceTree = "<group>"; };
		478ED7D42BAA8727008D54E7 /* CurrencyReactor.swift */ = {isa = PBXFileReference; lastKnownFileType = sourcecode.swift; path = CurrencyReactor.swift; sourceTree = "<group>"; };
/* End PBXFileReference section */

/* Begin PBXFrameworksBuildPhase section */
		477F37B42BA7E9FA00AFC8D0 /* Frameworks */ = {
			isa = PBXFrameworksBuildPhase;
			buildActionMask = 2147483647;
			files = (
				47AC05692BA89F2E000677BD /* RxRelay in Frameworks */,
				47AC05672BA89F2E000677BD /* RxCocoa-Dynamic in Frameworks */,
				477F37E52BA7F41100AFC8D0 /* ReactorKit in Frameworks */,
				477F37EA2BA7F44300AFC8D0 /* SnapKit-Dynamic in Frameworks */,
				47AC056F2BA89F2E000677BD /* RxSwift-Dynamic in Frameworks */,
				477F37F22BA7F56A00AFC8D0 /* RealmSwift in Frameworks */,
				47AC05652BA89F2E000677BD /* RxCocoa in Frameworks */,
				47AC056B2BA89F2E000677BD /* RxRelay-Dynamic in Frameworks */,
				477F37F02BA7F56A00AFC8D0 /* Realm in Frameworks */,
				477F37E82BA7F44300AFC8D0 /* SnapKit in Frameworks */,
				477F37ED2BA7F4EE00AFC8D0 /* Moya in Frameworks */,
				47AC056D2BA89F2E000677BD /* RxSwift in Frameworks */,
			);
			runOnlyForDeploymentPostprocessing = 0;
		};
/* End PBXFrameworksBuildPhase section */

/* Begin PBXGroup section */
		477F37AE2BA7E9FA00AFC8D0 = {
			isa = PBXGroup;
			children = (
				477F37B92BA7E9FA00AFC8D0 /* Cross_Test */,
				477F37B82BA7E9FA00AFC8D0 /* Products */,
			);
			sourceTree = "<group>";
		};
		477F37B82BA7E9FA00AFC8D0 /* Products */ = {
			isa = PBXGroup;
			children = (
				477F37B72BA7E9FA00AFC8D0 /* Cross_Test.app */,
			);
			name = Products;
			sourceTree = "<group>";
		};
		477F37B92BA7E9FA00AFC8D0 /* Cross_Test */ = {
			isa = PBXGroup;
			children = (
				477F37F32BA7F82100AFC8D0 /* App */,
				477F37F72BA7FADD00AFC8D0 /* Network */,
				477F37F62BA7FAD500AFC8D0 /* Data */,
				477F37F42BA7FA8700AFC8D0 /* Domain */,
				477F37F52BA7FAB400AFC8D0 /* Presentation */,
				478ED7BE2BA987E5008D54E7 /* CompositionRoot */,
				477F37C82BA7E9FC00AFC8D0 /* Info.plist */,
			);
			path = Cross_Test;
			sourceTree = "<group>";
		};
		477F37F32BA7F82100AFC8D0 /* App */ = {
			isa = PBXGroup;
			children = (
				477F37C52BA7E9FC00AFC8D0 /* LaunchScreen.storyboard */,
				477F37C32BA7E9FC00AFC8D0 /* Assets.xcassets */,
				477F37BA2BA7E9FA00AFC8D0 /* AppDelegate.swift */,
				477F37BC2BA7E9FA00AFC8D0 /* SceneDelegate.swift */,
			);
			path = App;
			sourceTree = "<group>";
		};
		477F37F42BA7FA8700AFC8D0 /* Domain */ = {
			isa = PBXGroup;
			children = (
				478ED7BB2BA96C1C008D54E7 /* UseCase */,
				478ED7B32BA95E84008D54E7 /* RepositoryInterface */,
				478ED7A22BA9454F008D54E7 /* Entities */,
			);
			path = Domain;
			sourceTree = "<group>";
		};
		477F37F52BA7FAB400AFC8D0 /* Presentation */ = {
			isa = PBXGroup;
			children = (
				477F37F82BA7FB3B00AFC8D0 /* Country */,
				478ED7D12BAA82BD008D54E7 /* Currency */,
			);
			path = Presentation;
			sourceTree = "<group>";
		};
		477F37F62BA7FAD500AFC8D0 /* Data */ = {
			isa = PBXGroup;
			children = (
				478ED7CE2BA9B413008D54E7 /* DTO */,
				478ED7B62BA95F0D008D54E7 /* Repository */,
			);
			path = Data;
			sourceTree = "<group>";
		};
		477F37F72BA7FADD00AFC8D0 /* Network */ = {
			isa = PBXGroup;
			children = (
				478ED7A52BA94A7A008D54E7 /* API */,
				478ED7A82BA94E07008D54E7 /* Extentions */,
				478ED7AB2BA953A3008D54E7 /* Service */,
			);
			path = Network;
			sourceTree = "<group>";
		};
		477F37F82BA7FB3B00AFC8D0 /* Country */ = {
			isa = PBXGroup;
			children = (
				477F37FD2BA81F6B00AFC8D0 /* SubViews */,
				477F37BE2BA7E9FA00AFC8D0 /* CountryViewController.swift */,
				477F37FB2BA7FB5E00AFC8D0 /* CountryReactor.swift */,
			);
			path = Country;
			sourceTree = "<group>";
		};
		477F37FD2BA81F6B00AFC8D0 /* SubViews */ = {
			isa = PBXGroup;
			children = (
				477F37FE2BA81FF500AFC8D0 /* CountryTableView.swift */,
				477F38002BA8202400AFC8D0 /* CountryTableViewCell.swift */,
			);
			path = SubViews;
			sourceTree = "<group>";
		};
		478ED7A22BA9454F008D54E7 /* Entities */ = {
			isa = PBXGroup;
			children = (
				478ED7CF2BA9B48B008D54E7 /* Country.swift */,
			);
			path = Entities;
			sourceTree = "<group>";
		};
		478ED7A52BA94A7A008D54E7 /* API */ = {
			isa = PBXGroup;
			children = (
				478ED7A62BA94A8F008D54E7 /* CrossAPI.swift */,
			);
			path = API;
			sourceTree = "<group>";
		};
		478ED7A82BA94E07008D54E7 /* Extentions */ = {
			isa = PBXGroup;
			children = (
				478ED7A92BA94E30008D54E7 /* MoyaProvider+Extensions.swift */,
				478ED7AC2BA958A2008D54E7 /* NetworkLogger.swift */,
			);
			path = Extentions;
			sourceTree = "<group>";
		};
		478ED7AB2BA953A3008D54E7 /* Service */ = {
			isa = PBXGroup;
			children = (
				478ED7AE2BA9591F008D54E7 /* CountryService.swift */,
			);
			path = Service;
			sourceTree = "<group>";
		};
		478ED7B32BA95E84008D54E7 /* RepositoryInterface */ = {
			isa = PBXGroup;
			children = (
				478ED7B42BA95E98008D54E7 /* CountryRepositoryInterface.swift */,
			);
			path = RepositoryInterface;
			sourceTree = "<group>";
		};
		478ED7B62BA95F0D008D54E7 /* Repository */ = {
			isa = PBXGroup;
			children = (
				478ED7B72BA95F21008D54E7 /* CountryRepository.swift */,
			);
			path = Repository;
			sourceTree = "<group>";
		};
		478ED7BB2BA96C1C008D54E7 /* UseCase */ = {
			isa = PBXGroup;
			children = (
				478ED7BC2BA96C2D008D54E7 /* CountryUseCase.swift */,
			);
			path = UseCase;
			sourceTree = "<group>";
		};
		478ED7BE2BA987E5008D54E7 /* CompositionRoot */ = {
			isa = PBXGroup;
			children = (
				478ED7C52BA989BA008D54E7 /* Factory */,
				478ED7BF2BA987FB008D54E7 /* AppCoordinator */,
				478ED7C02BA988BA008D54E7 /* CoordinatorScreen */,
			);
			path = CompositionRoot;
			sourceTree = "<group>";
		};
		478ED7BF2BA987FB008D54E7 /* AppCoordinator */ = {
			isa = PBXGroup;
			children = (
				478ED7C12BA988E4008D54E7 /* Coordinator.swift */,
				478ED7C32BA988F4008D54E7 /* AppCoordinator.swift */,
			);
			path = AppCoordinator;
			sourceTree = "<group>";
		};
		478ED7C02BA988BA008D54E7 /* CoordinatorScreen */ = {
			isa = PBXGroup;
			children = (
				478ED7CC2BA98A99008D54E7 /* CountryCoordinator.swift */,
			);
			path = CoordinatorScreen;
			sourceTree = "<group>";
		};
		478ED7C52BA989BA008D54E7 /* Factory */ = {
			isa = PBXGroup;
			children = (
				478ED7C72BA989E3008D54E7 /* AppFactory.swift */,
				478ED7C92BA98A10008D54E7 /* CountryFactory.swift */,
			);
			path = Factory;
			sourceTree = "<group>";
		};
		478ED7CE2BA9B413008D54E7 /* DTO */ = {
			isa = PBXGroup;
			children = (
				478ED7A32BA94577008D54E7 /* CountryListResponse.swift */,
				478ED7B92BA965AA008D54E7 /* CurrencyResponse.swift */,
			);
			path = DTO;
			sourceTree = "<group>";
		};
		478ED7D12BAA82BD008D54E7 /* Currency */ = {
			isa = PBXGroup;
			children = (
				478ED7D22BAA82D3008D54E7 /* CurrencyViewController.swift */,
				478ED7D42BAA8727008D54E7 /* CurrencyReactor.swift */,
			);
			path = Currency;
			sourceTree = "<group>";
		};
/* End PBXGroup section */

/* Begin PBXNativeTarget section */
		477F37B62BA7E9FA00AFC8D0 /* Cross_Test */ = {
			isa = PBXNativeTarget;
			buildConfigurationList = 477F37CB2BA7E9FC00AFC8D0 /* Build configuration list for PBXNativeTarget "Cross_Test" */;
			buildPhases = (
				477F37B32BA7E9FA00AFC8D0 /* Sources */,
				477F37B42BA7E9FA00AFC8D0 /* Frameworks */,
				477F37B52BA7E9FA00AFC8D0 /* Resources */,
			);
			buildRules = (
			);
			dependencies = (
			);
			name = Cross_Test;
			packageProductDependencies = (
				477F37E42BA7F41100AFC8D0 /* ReactorKit */,
				477F37E72BA7F44300AFC8D0 /* SnapKit */,
				477F37E92BA7F44300AFC8D0 /* SnapKit-Dynamic */,
				477F37EC2BA7F4EE00AFC8D0 /* Moya */,
				477F37EF2BA7F56A00AFC8D0 /* Realm */,
				477F37F12BA7F56A00AFC8D0 /* RealmSwift */,
				47AC05642BA89F2E000677BD /* RxCocoa */,
				47AC05662BA89F2E000677BD /* RxCocoa-Dynamic */,
				47AC05682BA89F2E000677BD /* RxRelay */,
				47AC056A2BA89F2E000677BD /* RxRelay-Dynamic */,
				47AC056C2BA89F2E000677BD /* RxSwift */,
				47AC056E2BA89F2E000677BD /* RxSwift-Dynamic */,
			);
			productName = Cross_Test;
			productReference = 477F37B72BA7E9FA00AFC8D0 /* Cross_Test.app */;
			productType = "com.apple.product-type.application";
		};
/* End PBXNativeTarget section */

/* Begin PBXProject section */
		477F37AF2BA7E9FA00AFC8D0 /* Project object */ = {
			isa = PBXProject;
			attributes = {
				BuildIndependentTargetsInParallel = 1;
				LastSwiftUpdateCheck = 1500;
				LastUpgradeCheck = 1500;
				TargetAttributes = {
					477F37B62BA7E9FA00AFC8D0 = {
						CreatedOnToolsVersion = 15.0;
					};
				};
			};
			buildConfigurationList = 477F37B22BA7E9FA00AFC8D0 /* Build configuration list for PBXProject "Cross_Test" */;
			compatibilityVersion = "Xcode 14.0";
			developmentRegion = en;
			hasScannedForEncodings = 0;
			knownRegions = (
				en,
				Base,
			);
			mainGroup = 477F37AE2BA7E9FA00AFC8D0;
			packageReferences = (
				477F37E32BA7F41100AFC8D0 /* XCRemoteSwiftPackageReference "ReactorKit" */,
				477F37E62BA7F44300AFC8D0 /* XCRemoteSwiftPackageReference "SnapKit" */,
				477F37EB2BA7F4EE00AFC8D0 /* XCRemoteSwiftPackageReference "Moya" */,
				477F37EE2BA7F56A00AFC8D0 /* XCRemoteSwiftPackageReference "realm-swift" */,
				47AC05632BA89F2E000677BD /* XCRemoteSwiftPackageReference "RxSwift" */,
			);
			productRefGroup = 477F37B82BA7E9FA00AFC8D0 /* Products */;
			projectDirPath = "";
			projectRoot = "";
			targets = (
				477F37B62BA7E9FA00AFC8D0 /* Cross_Test */,
			);
		};
/* End PBXProject section */

/* Begin PBXResourcesBuildPhase section */
		477F37B52BA7E9FA00AFC8D0 /* Resources */ = {
			isa = PBXResourcesBuildPhase;
			buildActionMask = 2147483647;
			files = (
				477F37C72BA7E9FC00AFC8D0 /* LaunchScreen.storyboard in Resources */,
				477F37C42BA7E9FC00AFC8D0 /* Assets.xcassets in Resources */,
			);
			runOnlyForDeploymentPostprocessing = 0;
		};
/* End PBXResourcesBuildPhase section */

/* Begin PBXSourcesBuildPhase section */
		477F37B32BA7E9FA00AFC8D0 /* Sources */ = {
			isa = PBXSourcesBuildPhase;
			buildActionMask = 2147483647;
			files = (
				478ED7C82BA989E3008D54E7 /* AppFactory.swift in Sources */,
				478ED7C22BA988E4008D54E7 /* Coordinator.swift in Sources */,
				478ED7D52BAA8727008D54E7 /* CurrencyReactor.swift in Sources */,
				478ED7AD2BA958A2008D54E7 /* NetworkLogger.swift in Sources */,
				478ED7C42BA988F4008D54E7 /* AppCoordinator.swift in Sources */,
				478ED7A42BA94577008D54E7 /* CountryListResponse.swift in Sources */,
				478ED7CA2BA98A10008D54E7 /* CountryFactory.swift in Sources */,
				477F38012BA8202400AFC8D0 /* CountryTableViewCell.swift in Sources */,
				478ED7D02BA9B48B008D54E7 /* Country.swift in Sources */,
				478ED7CD2BA98A99008D54E7 /* CountryCoordinator.swift in Sources */,
				478ED7D32BAA82D3008D54E7 /* CurrencyViewController.swift in Sources */,
				477F37FF2BA81FF500AFC8D0 /* CountryTableView.swift in Sources */,
				478ED7B52BA95E98008D54E7 /* CountryRepositoryInterface.swift in Sources */,
				477F37BF2BA7E9FA00AFC8D0 /* CountryViewController.swift in Sources */,
				477F37BB2BA7E9FA00AFC8D0 /* AppDelegate.swift in Sources */,
				478ED7A72BA94A8F008D54E7 /* CrossAPI.swift in Sources */,
				478ED7AF2BA9591F008D54E7 /* CountryService.swift in Sources */,
				478ED7AA2BA94E30008D54E7 /* MoyaProvider+Extensions.swift in Sources */,
				478ED7BD2BA96C2D008D54E7 /* CountryUseCase.swift in Sources */,
				478ED7B82BA95F21008D54E7 /* CountryRepository.swift in Sources */,
				477F37BD2BA7E9FA00AFC8D0 /* SceneDelegate.swift in Sources */,
				477F37FC2BA7FB5E00AFC8D0 /* CountryReactor.swift in Sources */,
				478ED7BA2BA965AA008D54E7 /* CurrencyResponse.swift in Sources */,
			);
			runOnlyForDeploymentPostprocessing = 0;
		};
/* End PBXSourcesBuildPhase section */

/* Begin PBXVariantGroup section */
		477F37C52BA7E9FC00AFC8D0 /* LaunchScreen.storyboard */ = {
			isa = PBXVariantGroup;
			children = (
				477F37C62BA7E9FC00AFC8D0 /* Base */,
			);
			name = LaunchScreen.storyboard;
			sourceTree = "<group>";
		};
/* End PBXVariantGroup section */

/* Begin XCBuildConfiguration section */
		477F37C92BA7E9FC00AFC8D0 /* Debug */ = {
			isa = XCBuildConfiguration;
			buildSettings = {
				ALWAYS_SEARCH_USER_PATHS = NO;
				ASSETCATALOG_COMPILER_GENERATE_SWIFT_ASSET_SYMBOL_EXTENSIONS = YES;
				CLANG_ANALYZER_NONNULL = YES;
				CLANG_ANALYZER_NUMBER_OBJECT_CONVERSION = YES_AGGRESSIVE;
				CLANG_CXX_LANGUAGE_STANDARD = "gnu++20";
				CLANG_ENABLE_MODULES = YES;
				CLANG_ENABLE_OBJC_ARC = YES;
				CLANG_ENABLE_OBJC_WEAK = YES;
				CLANG_WARN_BLOCK_CAPTURE_AUTORELEASING = YES;
				CLANG_WARN_BOOL_CONVERSION = YES;
				CLANG_WARN_COMMA = YES;
				CLANG_WARN_CONSTANT_CONVERSION = YES;
				CLANG_WARN_DEPRECATED_OBJC_IMPLEMENTATIONS = YES;
				CLANG_WARN_DIRECT_OBJC_ISA_USAGE = YES_ERROR;
				CLANG_WARN_DOCUMENTATION_COMMENTS = YES;
				CLANG_WARN_EMPTY_BODY = YES;
				CLANG_WARN_ENUM_CONVERSION = YES;
				CLANG_WARN_INFINITE_RECURSION = YES;
				CLANG_WARN_INT_CONVERSION = YES;
				CLANG_WARN_NON_LITERAL_NULL_CONVERSION = YES;
				CLANG_WARN_OBJC_IMPLICIT_RETAIN_SELF = YES;
				CLANG_WARN_OBJC_LITERAL_CONVERSION = YES;
				CLANG_WARN_OBJC_ROOT_CLASS = YES_ERROR;
				CLANG_WARN_QUOTED_INCLUDE_IN_FRAMEWORK_HEADER = YES;
				CLANG_WARN_RANGE_LOOP_ANALYSIS = YES;
				CLANG_WARN_STRICT_PROTOTYPES = YES;
				CLANG_WARN_SUSPICIOUS_MOVE = YES;
				CLANG_WARN_UNGUARDED_AVAILABILITY = YES_AGGRESSIVE;
				CLANG_WARN_UNREACHABLE_CODE = YES;
				CLANG_WARN__DUPLICATE_METHOD_MATCH = YES;
				COPY_PHASE_STRIP = NO;
				DEBUG_INFORMATION_FORMAT = dwarf;
				ENABLE_STRICT_OBJC_MSGSEND = YES;
				ENABLE_TESTABILITY = YES;
				ENABLE_USER_SCRIPT_SANDBOXING = YES;
				GCC_C_LANGUAGE_STANDARD = gnu17;
				GCC_DYNAMIC_NO_PIC = NO;
				GCC_NO_COMMON_BLOCKS = YES;
				GCC_OPTIMIZATION_LEVEL = 0;
				GCC_PREPROCESSOR_DEFINITIONS = (
					"DEBUG=1",
					"$(inherited)",
				);
				GCC_WARN_64_TO_32_BIT_CONVERSION = YES;
				GCC_WARN_ABOUT_RETURN_TYPE = YES_ERROR;
				GCC_WARN_UNDECLARED_SELECTOR = YES;
				GCC_WARN_UNINITIALIZED_AUTOS = YES_AGGRESSIVE;
				GCC_WARN_UNUSED_FUNCTION = YES;
				GCC_WARN_UNUSED_VARIABLE = YES;
				IPHONEOS_DEPLOYMENT_TARGET = 13.0;
				LOCALIZATION_PREFERS_STRING_CATALOGS = YES;
				MTL_ENABLE_DEBUG_INFO = INCLUDE_SOURCE;
				MTL_FAST_MATH = YES;
				ONLY_ACTIVE_ARCH = YES;
				SDKROOT = iphoneos;
				SWIFT_ACTIVE_COMPILATION_CONDITIONS = "DEBUG $(inherited)";
				SWIFT_OPTIMIZATION_LEVEL = "-Onone";
			};
			name = Debug;
		};
		477F37CA2BA7E9FC00AFC8D0 /* Release */ = {
			isa = XCBuildConfiguration;
			buildSettings = {
				ALWAYS_SEARCH_USER_PATHS = NO;
				ASSETCATALOG_COMPILER_GENERATE_SWIFT_ASSET_SYMBOL_EXTENSIONS = YES;
				CLANG_ANALYZER_NONNULL = YES;
				CLANG_ANALYZER_NUMBER_OBJECT_CONVERSION = YES_AGGRESSIVE;
				CLANG_CXX_LANGUAGE_STANDARD = "gnu++20";
				CLANG_ENABLE_MODULES = YES;
				CLANG_ENABLE_OBJC_ARC = YES;
				CLANG_ENABLE_OBJC_WEAK = YES;
				CLANG_WARN_BLOCK_CAPTURE_AUTORELEASING = YES;
				CLANG_WARN_BOOL_CONVERSION = YES;
				CLANG_WARN_COMMA = YES;
				CLANG_WARN_CONSTANT_CONVERSION = YES;
				CLANG_WARN_DEPRECATED_OBJC_IMPLEMENTATIONS = YES;
				CLANG_WARN_DIRECT_OBJC_ISA_USAGE = YES_ERROR;
				CLANG_WARN_DOCUMENTATION_COMMENTS = YES;
				CLANG_WARN_EMPTY_BODY = YES;
				CLANG_WARN_ENUM_CONVERSION = YES;
				CLANG_WARN_INFINITE_RECURSION = YES;
				CLANG_WARN_INT_CONVERSION = YES;
				CLANG_WARN_NON_LITERAL_NULL_CONVERSION = YES;
				CLANG_WARN_OBJC_IMPLICIT_RETAIN_SELF = YES;
				CLANG_WARN_OBJC_LITERAL_CONVERSION = YES;
				CLANG_WARN_OBJC_ROOT_CLASS = YES_ERROR;
				CLANG_WARN_QUOTED_INCLUDE_IN_FRAMEWORK_HEADER = YES;
				CLANG_WARN_RANGE_LOOP_ANALYSIS = YES;
				CLANG_WARN_STRICT_PROTOTYPES = YES;
				CLANG_WARN_SUSPICIOUS_MOVE = YES;
				CLANG_WARN_UNGUARDED_AVAILABILITY = YES_AGGRESSIVE;
				CLANG_WARN_UNREACHABLE_CODE = YES;
				CLANG_WARN__DUPLICATE_METHOD_MATCH = YES;
				COPY_PHASE_STRIP = NO;
				DEBUG_INFORMATION_FORMAT = "dwarf-with-dsym";
				ENABLE_NS_ASSERTIONS = NO;
				ENABLE_STRICT_OBJC_MSGSEND = YES;
				ENABLE_USER_SCRIPT_SANDBOXING = YES;
				GCC_C_LANGUAGE_STANDARD = gnu17;
				GCC_NO_COMMON_BLOCKS = YES;
				GCC_WARN_64_TO_32_BIT_CONVERSION = YES;
				GCC_WARN_ABOUT_RETURN_TYPE = YES_ERROR;
				GCC_WARN_UNDECLARED_SELECTOR = YES;
				GCC_WARN_UNINITIALIZED_AUTOS = YES_AGGRESSIVE;
				GCC_WARN_UNUSED_FUNCTION = YES;
				GCC_WARN_UNUSED_VARIABLE = YES;
				IPHONEOS_DEPLOYMENT_TARGET = 13.0;
				LOCALIZATION_PREFERS_STRING_CATALOGS = YES;
				MTL_ENABLE_DEBUG_INFO = NO;
				MTL_FAST_MATH = YES;
				SDKROOT = iphoneos;
				SWIFT_COMPILATION_MODE = wholemodule;
				VALIDATE_PRODUCT = YES;
			};
			name = Release;
		};
		477F37CC2BA7E9FC00AFC8D0 /* Debug */ = {
			isa = XCBuildConfiguration;
			buildSettings = {
				ASSETCATALOG_COMPILER_APPICON_NAME = AppIcon;
				ASSETCATALOG_COMPILER_GLOBAL_ACCENT_COLOR_NAME = AccentColor;
				CODE_SIGN_STYLE = Automatic;
				CURRENT_PROJECT_VERSION = 1;
				GENERATE_INFOPLIST_FILE = YES;
				INFOPLIST_FILE = Cross_Test/Info.plist;
				INFOPLIST_KEY_UIApplicationSupportsIndirectInputEvents = YES;
				INFOPLIST_KEY_UILaunchStoryboardName = LaunchScreen;
				INFOPLIST_KEY_UISupportedInterfaceOrientations_iPad = "UIInterfaceOrientationPortrait UIInterfaceOrientationPortraitUpsideDown UIInterfaceOrientationLandscapeLeft UIInterfaceOrientationLandscapeRight";
				INFOPLIST_KEY_UISupportedInterfaceOrientations_iPhone = "UIInterfaceOrientationPortrait UIInterfaceOrientationLandscapeLeft UIInterfaceOrientationLandscapeRight";
				IPHONEOS_DEPLOYMENT_TARGET = 13.0;
				LD_RUNPATH_SEARCH_PATHS = (
					"$(inherited)",
					"@executable_path/Frameworks",
				);
				MARKETING_VERSION = 1.0;
				PRODUCT_BUNDLE_IDENTIFIER = "Devjoonn.Cross-Test";
				PRODUCT_NAME = "$(TARGET_NAME)";
				SWIFT_EMIT_LOC_STRINGS = YES;
				SWIFT_VERSION = 5.0;
				TARGETED_DEVICE_FAMILY = "1,2";
			};
			name = Debug;
		};
		477F37CD2BA7E9FC00AFC8D0 /* Release */ = {
			isa = XCBuildConfiguration;
			buildSettings = {
				ASSETCATALOG_COMPILER_APPICON_NAME = AppIcon;
				ASSETCATALOG_COMPILER_GLOBAL_ACCENT_COLOR_NAME = AccentColor;
				CODE_SIGN_STYLE = Automatic;
				CURRENT_PROJECT_VERSION = 1;
				GENERATE_INFOPLIST_FILE = YES;
				INFOPLIST_FILE = Cross_Test/Info.plist;
				INFOPLIST_KEY_UIApplicationSupportsIndirectInputEvents = YES;
				INFOPLIST_KEY_UILaunchStoryboardName = LaunchScreen;
				INFOPLIST_KEY_UISupportedInterfaceOrientations_iPad = "UIInterfaceOrientationPortrait UIInterfaceOrientationPortraitUpsideDown UIInterfaceOrientationLandscapeLeft UIInterfaceOrientationLandscapeRight";
				INFOPLIST_KEY_UISupportedInterfaceOrientations_iPhone = "UIInterfaceOrientationPortrait UIInterfaceOrientationLandscapeLeft UIInterfaceOrientationLandscapeRight";
				IPHONEOS_DEPLOYMENT_TARGET = 13.0;
				LD_RUNPATH_SEARCH_PATHS = (
					"$(inherited)",
					"@executable_path/Frameworks",
				);
				MARKETING_VERSION = 1.0;
				PRODUCT_BUNDLE_IDENTIFIER = "Devjoonn.Cross-Test";
				PRODUCT_NAME = "$(TARGET_NAME)";
				SWIFT_EMIT_LOC_STRINGS = YES;
				SWIFT_VERSION = 5.0;
				TARGETED_DEVICE_FAMILY = "1,2";
			};
			name = Release;
		};
/* End XCBuildConfiguration section */

/* Begin XCConfigurationList section */
		477F37B22BA7E9FA00AFC8D0 /* Build configuration list for PBXProject "Cross_Test" */ = {
			isa = XCConfigurationList;
			buildConfigurations = (
				477F37C92BA7E9FC00AFC8D0 /* Debug */,
				477F37CA2BA7E9FC00AFC8D0 /* Release */,
			);
			defaultConfigurationIsVisible = 0;
			defaultConfigurationName = Release;
		};
		477F37CB2BA7E9FC00AFC8D0 /* Build configuration list for PBXNativeTarget "Cross_Test" */ = {
			isa = XCConfigurationList;
			buildConfigurations = (
				477F37CC2BA7E9FC00AFC8D0 /* Debug */,
				477F37CD2BA7E9FC00AFC8D0 /* Release */,
			);
			defaultConfigurationIsVisible = 0;
			defaultConfigurationName = Release;
		};
/* End XCConfigurationList section */

/* Begin XCRemoteSwiftPackageReference section */
		477F37E32BA7F41100AFC8D0 /* XCRemoteSwiftPackageReference "ReactorKit" */ = {
			isa = XCRemoteSwiftPackageReference;
			repositoryURL = "https://github.com/ReactorKit/ReactorKit";
			requirement = {
				kind = upToNextMajorVersion;
				minimumVersion = 3.2.0;
			};
		};
		477F37E62BA7F44300AFC8D0 /* XCRemoteSwiftPackageReference "SnapKit" */ = {
			isa = XCRemoteSwiftPackageReference;
			repositoryURL = "https://github.com/SnapKit/SnapKit.git";
			requirement = {
				kind = upToNextMajorVersion;
				minimumVersion = 5.7.1;
			};
		};
		477F37EB2BA7F4EE00AFC8D0 /* XCRemoteSwiftPackageReference "Moya" */ = {
			isa = XCRemoteSwiftPackageReference;
			repositoryURL = "https://github.com/Moya/Moya";
			requirement = {
				kind = upToNextMajorVersion;
				minimumVersion = 15.0.3;
			};
		};
		477F37EE2BA7F56A00AFC8D0 /* XCRemoteSwiftPackageReference "realm-swift" */ = {
			isa = XCRemoteSwiftPackageReference;
			repositoryURL = "https://github.com/realm/realm-swift";
			requirement = {
				branch = master;
				kind = branch;
			};
		};
		47AC05632BA89F2E000677BD /* XCRemoteSwiftPackageReference "RxSwift" */ = {
			isa = XCRemoteSwiftPackageReference;
			repositoryURL = "https://github.com/ReactiveX/RxSwift";
			requirement = {
				kind = upToNextMajorVersion;
				minimumVersion = 6.6.0;
			};
		};
/* End XCRemoteSwiftPackageReference section */

/* Begin XCSwiftPackageProductDependency section */
		477F37E42BA7F41100AFC8D0 /* ReactorKit */ = {
			isa = XCSwiftPackageProductDependency;
			package = 477F37E32BA7F41100AFC8D0 /* XCRemoteSwiftPackageReference "ReactorKit" */;
			productName = ReactorKit;
		};
		477F37E72BA7F44300AFC8D0 /* SnapKit */ = {
			isa = XCSwiftPackageProductDependency;
			package = 477F37E62BA7F44300AFC8D0 /* XCRemoteSwiftPackageReference "SnapKit" */;
			productName = SnapKit;
		};
		477F37E92BA7F44300AFC8D0 /* SnapKit-Dynamic */ = {
			isa = XCSwiftPackageProductDependency;
			package = 477F37E62BA7F44300AFC8D0 /* XCRemoteSwiftPackageReference "SnapKit" */;
			productName = "SnapKit-Dynamic";
		};
		477F37EC2BA7F4EE00AFC8D0 /* Moya */ = {
			isa = XCSwiftPackageProductDependency;
			package = 477F37EB2BA7F4EE00AFC8D0 /* XCRemoteSwiftPackageReference "Moya" */;
			productName = Moya;
		};
		477F37EF2BA7F56A00AFC8D0 /* Realm */ = {
			isa = XCSwiftPackageProductDependency;
			package = 477F37EE2BA7F56A00AFC8D0 /* XCRemoteSwiftPackageReference "realm-swift" */;
			productName = Realm;
		};
		477F37F12BA7F56A00AFC8D0 /* RealmSwift */ = {
			isa = XCSwiftPackageProductDependency;
			package = 477F37EE2BA7F56A00AFC8D0 /* XCRemoteSwiftPackageReference "realm-swift" */;
			productName = RealmSwift;
		};
		47AC05642BA89F2E000677BD /* RxCocoa */ = {
			isa = XCSwiftPackageProductDependency;
			package = 47AC05632BA89F2E000677BD /* XCRemoteSwiftPackageReference "RxSwift" */;
			productName = RxCocoa;
		};
		47AC05662BA89F2E000677BD /* RxCocoa-Dynamic */ = {
			isa = XCSwiftPackageProductDependency;
			package = 47AC05632BA89F2E000677BD /* XCRemoteSwiftPackageReference "RxSwift" */;
			productName = "RxCocoa-Dynamic";
		};
		47AC05682BA89F2E000677BD /* RxRelay */ = {
			isa = XCSwiftPackageProductDependency;
			package = 47AC05632BA89F2E000677BD /* XCRemoteSwiftPackageReference "RxSwift" */;
			productName = RxRelay;
		};
		47AC056A2BA89F2E000677BD /* RxRelay-Dynamic */ = {
			isa = XCSwiftPackageProductDependency;
			package = 47AC05632BA89F2E000677BD /* XCRemoteSwiftPackageReference "RxSwift" */;
			productName = "RxRelay-Dynamic";
		};
		47AC056C2BA89F2E000677BD /* RxSwift */ = {
			isa = XCSwiftPackageProductDependency;
			package = 47AC05632BA89F2E000677BD /* XCRemoteSwiftPackageReference "RxSwift" */;
			productName = RxSwift;
		};
		47AC056E2BA89F2E000677BD /* RxSwift-Dynamic */ = {
			isa = XCSwiftPackageProductDependency;
			package = 47AC05632BA89F2E000677BD /* XCRemoteSwiftPackageReference "RxSwift" */;
			productName = "RxSwift-Dynamic";
		};
/* End XCSwiftPackageProductDependency section */
	};
	rootObject = 477F37AF2BA7E9FA00AFC8D0 /* Project object */;
}
